
Microsoft Visual Studio Solution File, Format Version 11.00
# Visual Studio 2010
Project("{FAE04EC0-301F-11D3-BF4B-00C04F79EFBC}") = "Example.Specs", "Example.Specs\Example.Specs.csproj", "{26CDF7F2-6BBE-4EFA-B1A4-5C291B1C2BB2}"
EndProject
Project("{FAE04EC0-301F-11D3-BF4B-00C04F79EFBC}") = "Example", "Example\Example.csproj", "{D70ABBA0-18B6-4B66-BD09-C2B101584B87}"
EndProject
Project("{FAE04EC0-301F-11D3-BF4B-00C04F79EFBC}") = "Example.Web", "Example.Web\Example.Web.csproj", "{D98E190D-B916-4F44-8DA0-738DE717E609}"
EndProject
Project("{FAE04EC0-301F-11D3-BF4B-00C04F79EFBC}") = "Scritchy.Domain", "Scritchy.Domain\Scritchy.Domain.csproj", "{23B6186A-962F-43C5-9ED4-3E7D75B9DE2D}"
EndProject
Project("{FAE04EC0-301F-11D3-BF4B-00C04F79EFBC}") = "Scritchy.Infrastructure", "Scritchy.Infrastructure\Scritchy.Infrastructure.csproj", "{085412FE-55C2-4AC5-8B37-1638BF953CCF}"
EndProject
Project("{FAE04EC0-301F-11D3-BF4B-00C04F79EFBC}") = "Example.SignalR", "Example.SignalR\Example.SignalR.csproj", "{0D809036-CDF3-4C69-B2B2-FED8827DA532}"
EndProject
Project("{FAE04EC0-301F-11D3-BF4B-00C04F79EFBC}") = "Scritchy.Scenarios", "Scritchy.Scenarios\Scritchy.Scenarios.csproj", "{445618C1-BD91-4863-B442-4F4D9620F215}"
EndProject
Project("{2150E333-8FDC-42A3-9474-1A3956D46DE8}") = ".nuget", ".nuget", "{92742A66-F0D7-4B85-9AF9-01B275F9712E}"
	ProjectSection(SolutionItems) = preProject
		.nuget\packages.config = .nuget\packages.config
	EndProjectSection
EndProject
Global
	GlobalSection(SolutionConfigurationPlatforms) = preSolution
		Debug|Any CPU = Debug|Any CPU
		Release|Any CPU = Release|Any CPU
	EndGlobalSection
	GlobalSection(ProjectConfigurationPlatforms) = postSolution
		{26CDF7F2-6BBE-4EFA-B1A4-5C291B1C2BB2}.Debug|Any CPU.ActiveCfg = Debug|Any CPU
		{26CDF7F2-6BBE-4EFA-B1A4-5C291B1C2BB2}.Debug|Any CPU.Build.0 = Debug|Any CPU
		{26CDF7F2-6BBE-4EFA-B1A4-5C291B1C2BB2}.Release|Any CPU.ActiveCfg = Release|Any CPU
		{26CDF7F2-6BBE-4EFA-B1A4-5C291B1C2BB2}.Release|Any CPU.Build.0 = Release|Any CPU
		{D70ABBA0-18B6-4B66-BD09-C2B101584B87}.Debug|Any CPU.ActiveCfg = Debug|Any CPU
		{D70ABBA0-18B6-4B66-BD09-C2B101584B87}.Debug|Any CPU.Build.0 = Debug|Any CPU
		{D70ABBA0-18B6-4B66-BD09-C2B101584B87}.Release|Any CPU.ActiveCfg = Release|Any CPU
		{D70ABBA0-18B6-4B66-BD09-C2B101584B87}.Release|Any CPU.Build.0 = Release|Any CPU
		{D98E190D-B916-4F44-8DA0-738DE717E609}.Debug|Any CPU.ActiveCfg = Debug|Any CPU
		{D98E190D-B916-4F44-8DA0-738DE717E609}.Debug|Any CPU.Build.0 = Debug|Any CPU
		{D98E190D-B916-4F44-8DA0-738DE717E609}.Release|Any CPU.ActiveCfg = Release|Any CPU
		{D98E190D-B916-4F44-8DA0-738DE717E609}.Release|Any CPU.Build.0 = Release|Any CPU
		{23B6186A-962F-43C5-9ED4-3E7D75B9DE2D}.Debug|Any CPU.ActiveCfg = Debug|Any CPU
		{23B6186A-962F-43C5-9ED4-3E7D75B9DE2D}.Debug|Any CPU.Build.0 = Debug|Any CPU
		{23B6186A-962F-43C5-9ED4-3E7D75B9DE2D}.Release|Any CPU.ActiveCfg = Release|Any CPU
		{23B6186A-962F-43C5-9ED4-3E7D75B9DE2D}.Release|Any CPU.Build.0 = Release|Any CPU
		{085412FE-55C2-4AC5-8B37-1638BF953CCF}.Debug|Any CPU.ActiveCfg = Debug|Any CPU
		{085412FE-55C2-4AC5-8B37-1638BF953CCF}.Debug|Any CPU.Build.0 = Debug|Any CPU
		{085412FE-55C2-4AC5-8B37-1638BF953CCF}.Release|Any CPU.ActiveCfg = Release|Any CPU
		{085412FE-55C2-4AC5-8B37-1638BF953CCF}.Release|Any CPU.Build.0 = Release|Any CPU
		{0D809036-CDF3-4C69-B2B2-FED8827DA532}.Debug|Any CPU.ActiveCfg = Debug|Any CPU
		{0D809036-CDF3-4C69-B2B2-FED8827DA532}.Debug|Any CPU.Build.0 = Debug|Any CPU
		{0D809036-CDF3-4C69-B2B2-FED8827DA532}.Release|Any CPU.ActiveCfg = Release|Any CPU
		{0D809036-CDF3-4C69-B2B2-FED8827DA532}.Release|Any CPU.Build.0 = Release|Any CPU
		{445618C1-BD91-4863-B442-4F4D9620F215}.Debug|Any CPU.ActiveCfg = Debug|Any CPU
		{445618C1-BD91-4863-B442-4F4D9620F215}.Debug|Any CPU.Build.0 = Debug|Any CPU
		{445618C1-BD91-4863-B442-4F4D9620F215}.Release|Any CPU.ActiveCfg = Release|Any CPU
		{445618C1-BD91-4863-B442-4F4D9620F215}.Release|Any CPU.Build.0 = Release|Any CPU
	EndGlobalSection
	GlobalSection(SolutionProperties) = preSolution
		HideSolutionNode = FALSE
	EndGlobalSection
EndGlobal
